
Microsoft Visual Studio Solution File, Format Version 12.00
# Visual Studio 2017
Project("{FAE04EC0-301F-11D3-BF4B-00C04F79EFBC}") = "CutScene.Plugins", "CutScene.Plugins.csproj", "{62E56827-DF8F-1133-775C-6D834CFC080F}"
EndProject
Project("{FAE04EC0-301F-11D3-BF4B-00C04F79EFBC}") = "CutScene", "CutScene.csproj", "{24CE56B0-898E-5DFF-E5AB-B1635357B219}"
EndProject
Project("{FAE04EC0-301F-11D3-BF4B-00C04F79EFBC}") = "CutScene.Editor.Plugins", "CutScene.Editor.Plugins.csproj", "{6A4EE5F3-8D6E-025F-AAFB-4D9185FF9C23}"
EndProject
Project("{FAE04EC0-301F-11D3-BF4B-00C04F79EFBC}") = "Unity.PackageManagerUI.Editor", "Unity.PackageManagerUI.Editor.csproj", "{6877705C-FBD9-0C4F-5AFB-6FB431E5D39D}"
EndProject
Project("{FAE04EC0-301F-11D3-BF4B-00C04F79EFBC}") = "UnityEditor.StandardEvents", "UnityEditor.StandardEvents.csproj", "{6800202F-4402-D405-F8CB-03DC7BD78B92}"
EndProject
Global
	GlobalSection(SolutionConfigurationPlatforms) = preSolution
		Debug|Any CPU = Debug|Any CPU
		Release|Any CPU = Release|Any CPU
	EndGlobalSection
	GlobalSection(ProjectConfigurationPlatforms) = postSolution
		{62E56827-DF8F-1133-775C-6D834CFC080F}.Debug|Any CPU.ActiveCfg = Debug|Any CPU
		{62E56827-DF8F-1133-775C-6D834CFC080F}.Debug|Any CPU.Build.0 = Debug|Any CPU
		{62E56827-DF8F-1133-775C-6D834CFC080F}.Release|Any CPU.ActiveCfg = Release|Any CPU
		{62E56827-DF8F-1133-775C-6D834CFC080F}.Release|Any CPU.Build.0 = Release|Any CPU
		{24CE56B0-898E-5DFF-E5AB-B1635357B219}.Debug|Any CPU.ActiveCfg = Debug|Any CPU
		{24CE56B0-898E-5DFF-E5AB-B1635357B219}.Debug|Any CPU.Build.0 = Debug|Any CPU
		{24CE56B0-898E-5DFF-E5AB-B1635357B219}.Release|Any CPU.ActiveCfg = Release|Any CPU
		{24CE56B0-898E-5DFF-E5AB-B1635357B219}.Release|Any CPU.Build.0 = Release|Any CPU
		{6A4EE5F3-8D6E-025F-AAFB-4D9185FF9C23}.Debug|Any CPU.ActiveCfg = Debug|Any CPU
		{6A4EE5F3-8D6E-025F-AAFB-4D9185FF9C23}.Debug|Any CPU.Build.0 = Debug|Any CPU
		{6A4EE5F3-8D6E-025F-AAFB-4D9185FF9C23}.Release|Any CPU.ActiveCfg = Release|Any CPU
		{6A4EE5F3-8D6E-025F-AAFB-4D9185FF9C23}.Release|Any CPU.Build.0 = Release|Any CPU
		{6877705C-FBD9-0C4F-5AFB-6FB431E5D39D}.Debug|Any CPU.ActiveCfg = Debug|Any CPU
		{6877705C-FBD9-0C4F-5AFB-6FB431E5D39D}.Debug|Any CPU.Build.0 = Debug|Any CPU
		{6877705C-FBD9-0C4F-5AFB-6FB431E5D39D}.Release|Any CPU.ActiveCfg = Release|Any CPU
		{6877705C-FBD9-0C4F-5AFB-6FB431E5D39D}.Release|Any CPU.Build.0 = Release|Any CPU
		{6800202F-4402-D405-F8CB-03DC7BD78B92}.Debug|Any CPU.ActiveCfg = Debug|Any CPU
		{6800202F-4402-D405-F8CB-03DC7BD78B92}.Debug|Any CPU.Build.0 = Debug|Any CPU
		{6800202F-4402-D405-F8CB-03DC7BD78B92}.Release|Any CPU.ActiveCfg = Release|Any CPU
		{6800202F-4402-D405-F8CB-03DC7BD78B92}.Release|Any CPU.Build.0 = Release|Any CPU
	EndGlobalSection
	GlobalSection(SolutionProperties) = preSolution
		HideSolutionNode = FALSE
	EndGlobalSection
EndGlobal
